
Microsoft Visual Studio Solution File, Format Version 12.00
# Visual Studio 2013
VisualStudioVersion = 12.0.40629.0
MinimumVisualStudioVersion = 10.0.40219.1
Project("{2150E333-8FDC-42A3-9474-1A3956D46DE8}") = "1.Web", "1.Web", "{84859047-283B-4717-8371-E1979501AD15}"
EndProject
Project("{2150E333-8FDC-42A3-9474-1A3956D46DE8}") = "2.Application", "2.Application", "{84D214B5-E989-4E2A-8F1F-471EC9B2C93B}"
EndProject
Project("{2150E333-8FDC-42A3-9474-1A3956D46DE8}") = "4.Repository", "4.Repository", "{33ACAF08-A5CC-4961-983B-4E1B4D58E98F}"
EndProject
Project("{2150E333-8FDC-42A3-9474-1A3956D46DE8}") = "3.Model", "3.Model", "{7D562B70-97A4-45A5-9247-628E2E225375}"
EndProject
Project("{FAE04EC0-301F-11D3-BF4B-00C04F79EFBC}") = "CMS.Web", "CMS.Web\CMS.Web.csproj", "{1CFBDB6B-870C-4212-98B9-112D419BCD86}"
EndProject
Project("{FAE04EC0-301F-11D3-BF4B-00C04F79EFBC}") = "CMS.IApplication", "CMS.IApplication\CMS.IApplication.csproj", "{5C7661D2-B813-4ED6-BFAC-ABCCCC9B5B4E}"
EndProject
Project("{FAE04EC0-301F-11D3-BF4B-00C04F79EFBC}") = "CMS.Application", "CMS.Application\CMS.Application.csproj", "{3AF5717A-CB0A-42A9-8144-7CE430F17EE2}"
EndProject
Project("{FAE04EC0-301F-11D3-BF4B-00C04F79EFBC}") = "CMS.IRepository", "CMS.IRepository\CMS.IRepository.csproj", "{80F4E522-F620-4C9F-B58D-FEBEA868E684}"
EndProject
Project("{FAE04EC0-301F-11D3-BF4B-00C04F79EFBC}") = "CMS.Repository", "CMS.Repository\CMS.Repository.csproj", "{BD491130-300B-4E5C-961B-3049948F300E}"
EndProject
Project("{FAE04EC0-301F-11D3-BF4B-00C04F79EFBC}") = "CMS.Model", "CMS.Model\CMS.Model.csproj", "{FD5CF8C2-2059-4577-AB69-624650C98EE7}"
EndProject
Project("{FAE04EC0-301F-11D3-BF4B-00C04F79EFBC}") = "CMS.Dto", "CMS.Dto\CMS.Dto.csproj", "{984E221D-D998-459E-BC61-050AE783F30F}"
EndProject
Project("{FAE04EC0-301F-11D3-BF4B-00C04F79EFBC}") = "CMS.EnityFrameWork", "CMS.EnityFrameWork\CMS.EnityFrameWork.csproj", "{7F74E078-F0D5-4211-893D-884BC1DA64DE}"
EndProject
Project("{2150E333-8FDC-42A3-9474-1A3956D46DE8}") = "5.Core", "5.Core", "{B0106A39-24B2-4349-90F8-51EEA5B3C915}"
EndProject
Project("{FAE04EC0-301F-11D3-BF4B-00C04F79EFBC}") = "CPy", "..\..\..\Cpy\src\CPy\CPy.csproj", "{002F8980-23D2-41DB-A2FE-A6A940C9B6E1}"
EndProject
Project("{2150E333-8FDC-42A3-9474-1A3956D46DE8}") = "6.Test", "6.Test", "{36E07570-E757-442D-BDAF-921860EA447E}"
EndProject
Project("{FAE04EC0-301F-11D3-BF4B-00C04F79EFBC}") = "CodeFrist.EF.Test", "CodeFrist.EF.Test\CodeFrist.EF.Test.csproj", "{145B717B-49C9-471B-B9EA-B87F095D096A}"
EndProject
Project("{FAE04EC0-301F-11D3-BF4B-00C04F79EFBC}") = "CPy.EntityFramework", "CPy.EntityFramework\CPy.EntityFramework.csproj", "{B451E7CA-592F-408B-AA36-3DD8142D6CB3}"
EndProject
Project("{FAE04EC0-301F-11D3-BF4B-00C04F79EFBC}") = "Tasks.UnitTest", "Task.UnitTest\Tasks.UnitTest.csproj", "{9FC31AEC-9C9B-4BB3-B305-5324226031C8}"
EndProject
Project("{FAE04EC0-301F-11D3-BF4B-00C04F79EFBC}") = "Quartz.UnitTest", "Quartz.UnitTest\Quartz.UnitTest.csproj", "{2263E99D-F7EF-4BAC-9B53-05C78D9749B0}"
EndProject
Project("{FAE04EC0-301F-11D3-BF4B-00C04F79EFBC}") = "Opm.Redis", "Opm.Redis\Opm.Redis.csproj", "{B9827B0E-34B2-46A9-A047-7D6A6EC88191}"
EndProject
Project("{FAE04EC0-301F-11D3-BF4B-00C04F79EFBC}") = "WebAndLoadTestProject1", "WebAndLoadTestProject1\WebAndLoadTestProject1.csproj", "{3A39FC34-36F0-4596-B87B-B273C4D774E7}"
EndProject
Project("{2150E333-8FDC-42A3-9474-1A3956D46DE8}") = "Solution Items", "Solution Items", "{EC84540B-4BFE-49E4-9118-384D4C98849D}"
	ProjectSection(SolutionItems) = preProject
		Local.testsettings = Local.testsettings
	EndProjectSection
EndProject
Global
	GlobalSection(SolutionConfigurationPlatforms) = preSolution
		Debug|Any CPU = Debug|Any CPU
		Release|Any CPU = Release|Any CPU
	EndGlobalSection
	GlobalSection(ProjectConfigurationPlatforms) = postSolution
		{1CFBDB6B-870C-4212-98B9-112D419BCD86}.Debug|Any CPU.ActiveCfg = Debug|Any CPU
		{1CFBDB6B-870C-4212-98B9-112D419BCD86}.Debug|Any CPU.Build.0 = Debug|Any CPU
		{1CFBDB6B-870C-4212-98B9-112D419BCD86}.Release|Any CPU.ActiveCfg = Release|Any CPU
		{1CFBDB6B-870C-4212-98B9-112D419BCD86}.Release|Any CPU.Build.0 = Release|Any CPU
		{5C7661D2-B813-4ED6-BFAC-ABCCCC9B5B4E}.Debug|Any CPU.ActiveCfg = Debug|Any CPU
		{5C7661D2-B813-4ED6-BFAC-ABCCCC9B5B4E}.Debug|Any CPU.Build.0 = Debug|Any CPU
		{5C7661D2-B813-4ED6-BFAC-ABCCCC9B5B4E}.Release|Any CPU.ActiveCfg = Release|Any CPU
		{5C7661D2-B813-4ED6-BFAC-ABCCCC9B5B4E}.Release|Any CPU.Build.0 = Release|Any CPU
		{3AF5717A-CB0A-42A9-8144-7CE430F17EE2}.Debug|Any CPU.ActiveCfg = Debug|Any CPU
		{3AF5717A-CB0A-42A9-8144-7CE430F17EE2}.Debug|Any CPU.Build.0 = Debug|Any CPU
		{3AF5717A-CB0A-42A9-8144-7CE430F17EE2}.Release|Any CPU.ActiveCfg = Release|Any CPU
		{3AF5717A-CB0A-42A9-8144-7CE430F17EE2}.Release|Any CPU.Build.0 = Release|Any CPU
		{80F4E522-F620-4C9F-B58D-FEBEA868E684}.Debug|Any CPU.ActiveCfg = Debug|Any CPU
		{80F4E522-F620-4C9F-B58D-FEBEA868E684}.Debug|Any CPU.Build.0 = Debug|Any CPU
		{80F4E522-F620-4C9F-B58D-FEBEA868E684}.Release|Any CPU.ActiveCfg = Release|Any CPU
		{80F4E522-F620-4C9F-B58D-FEBEA868E684}.Release|Any CPU.Build.0 = Release|Any CPU
		{BD491130-300B-4E5C-961B-3049948F300E}.Debug|Any CPU.ActiveCfg = Debug|Any CPU
		{BD491130-300B-4E5C-961B-3049948F300E}.Debug|Any CPU.Build.0 = Debug|Any CPU
		{BD491130-300B-4E5C-961B-3049948F300E}.Release|Any CPU.ActiveCfg = Release|Any CPU
		{BD491130-300B-4E5C-961B-3049948F300E}.Release|Any CPU.Build.0 = Release|Any CPU
		{FD5CF8C2-2059-4577-AB69-624650C98EE7}.Debug|Any CPU.ActiveCfg = Debug|Any CPU
		{FD5CF8C2-2059-4577-AB69-624650C98EE7}.Debug|Any CPU.Build.0 = Debug|Any CPU
		{FD5CF8C2-2059-4577-AB69-624650C98EE7}.Release|Any CPU.ActiveCfg = Release|Any CPU
		{FD5CF8C2-2059-4577-AB69-624650C98EE7}.Release|Any CPU.Build.0 = Release|Any CPU
		{984E221D-D998-459E-BC61-050AE783F30F}.Debug|Any CPU.ActiveCfg = Debug|Any CPU
		{984E221D-D998-459E-BC61-050AE783F30F}.Debug|Any CPU.Build.0 = Debug|Any CPU
		{984E221D-D998-459E-BC61-050AE783F30F}.Release|Any CPU.ActiveCfg = Release|Any CPU
		{984E221D-D998-459E-BC61-050AE783F30F}.Release|Any CPU.Build.0 = Release|Any CPU
		{7F74E078-F0D5-4211-893D-884BC1DA64DE}.Debug|Any CPU.ActiveCfg = Debug|Any CPU
		{7F74E078-F0D5-4211-893D-884BC1DA64DE}.Debug|Any CPU.Build.0 = Debug|Any CPU
		{7F74E078-F0D5-4211-893D-884BC1DA64DE}.Release|Any CPU.ActiveCfg = Release|Any CPU
		{7F74E078-F0D5-4211-893D-884BC1DA64DE}.Release|Any CPU.Build.0 = Release|Any CPU
		{002F8980-23D2-41DB-A2FE-A6A940C9B6E1}.Debug|Any CPU.ActiveCfg = Debug|Any CPU
		{002F8980-23D2-41DB-A2FE-A6A940C9B6E1}.Debug|Any CPU.Build.0 = Debug|Any CPU
		{002F8980-23D2-41DB-A2FE-A6A940C9B6E1}.Release|Any CPU.ActiveCfg = Release|Any CPU
		{002F8980-23D2-41DB-A2FE-A6A940C9B6E1}.Release|Any CPU.Build.0 = Release|Any CPU
		{145B717B-49C9-471B-B9EA-B87F095D096A}.Debug|Any CPU.ActiveCfg = Debug|Any CPU
		{145B717B-49C9-471B-B9EA-B87F095D096A}.Debug|Any CPU.Build.0 = Debug|Any CPU
		{145B717B-49C9-471B-B9EA-B87F095D096A}.Release|Any CPU.ActiveCfg = Release|Any CPU
		{145B717B-49C9-471B-B9EA-B87F095D096A}.Release|Any CPU.Build.0 = Release|Any CPU
		{B451E7CA-592F-408B-AA36-3DD8142D6CB3}.Debug|Any CPU.ActiveCfg = Debug|Any CPU
		{B451E7CA-592F-408B-AA36-3DD8142D6CB3}.Debug|Any CPU.Build.0 = Debug|Any CPU
		{B451E7CA-592F-408B-AA36-3DD8142D6CB3}.Release|Any CPU.ActiveCfg = Release|Any CPU
		{B451E7CA-592F-408B-AA36-3DD8142D6CB3}.Release|Any CPU.Build.0 = Release|Any CPU
		{9FC31AEC-9C9B-4BB3-B305-5324226031C8}.Debug|Any CPU.ActiveCfg = Debug|Any CPU
		{9FC31AEC-9C9B-4BB3-B305-5324226031C8}.Debug|Any CPU.Build.0 = Debug|Any CPU
		{9FC31AEC-9C9B-4BB3-B305-5324226031C8}.Release|Any CPU.ActiveCfg = Release|Any CPU
		{9FC31AEC-9C9B-4BB3-B305-5324226031C8}.Release|Any CPU.Build.0 = Release|Any CPU
		{2263E99D-F7EF-4BAC-9B53-05C78D9749B0}.Debug|Any CPU.ActiveCfg = Debug|Any CPU
		{2263E99D-F7EF-4BAC-9B53-05C78D9749B0}.Debug|Any CPU.Build.0 = Debug|Any CPU
		{2263E99D-F7EF-4BAC-9B53-05C78D9749B0}.Release|Any CPU.ActiveCfg = Release|Any CPU
		{2263E99D-F7EF-4BAC-9B53-05C78D9749B0}.Release|Any CPU.Build.0 = Release|Any CPU
		{B9827B0E-34B2-46A9-A047-7D6A6EC88191}.Debug|Any CPU.ActiveCfg = Debug|Any CPU
		{B9827B0E-34B2-46A9-A047-7D6A6EC88191}.Debug|Any CPU.Build.0 = Debug|Any CPU
		{B9827B0E-34B2-46A9-A047-7D6A6EC88191}.Release|Any CPU.ActiveCfg = Release|Any CPU
		{B9827B0E-34B2-46A9-A047-7D6A6EC88191}.Release|Any CPU.Build.0 = Release|Any CPU
		{3A39FC34-36F0-4596-B87B-B273C4D774E7}.Debug|Any CPU.ActiveCfg = Debug|Any CPU
		{3A39FC34-36F0-4596-B87B-B273C4D774E7}.Debug|Any CPU.Build.0 = Debug|Any CPU
		{3A39FC34-36F0-4596-B87B-B273C4D774E7}.Release|Any CPU.ActiveCfg = Release|Any CPU
		{3A39FC34-36F0-4596-B87B-B273C4D774E7}.Release|Any CPU.Build.0 = Release|Any CPU
	EndGlobalSection
	GlobalSection(SolutionProperties) = preSolution
		HideSolutionNode = FALSE
	EndGlobalSection
	GlobalSection(NestedProjects) = preSolution
		{1CFBDB6B-870C-4212-98B9-112D419BCD86} = {84859047-283B-4717-8371-E1979501AD15}
		{5C7661D2-B813-4ED6-BFAC-ABCCCC9B5B4E} = {84D214B5-E989-4E2A-8F1F-471EC9B2C93B}
		{3AF5717A-CB0A-42A9-8144-7CE430F17EE2} = {84D214B5-E989-4E2A-8F1F-471EC9B2C93B}
		{80F4E522-F620-4C9F-B58D-FEBEA868E684} = {33ACAF08-A5CC-4961-983B-4E1B4D58E98F}
		{BD491130-300B-4E5C-961B-3049948F300E} = {33ACAF08-A5CC-4961-983B-4E1B4D58E98F}
		{FD5CF8C2-2059-4577-AB69-624650C98EE7} = {7D562B70-97A4-45A5-9247-628E2E225375}
		{984E221D-D998-459E-BC61-050AE783F30F} = {7D562B70-97A4-45A5-9247-628E2E225375}
		{7F74E078-F0D5-4211-893D-884BC1DA64DE} = {33ACAF08-A5CC-4961-983B-4E1B4D58E98F}
		{002F8980-23D2-41DB-A2FE-A6A940C9B6E1} = {B0106A39-24B2-4349-90F8-51EEA5B3C915}
		{145B717B-49C9-471B-B9EA-B87F095D096A} = {36E07570-E757-442D-BDAF-921860EA447E}
		{B451E7CA-592F-408B-AA36-3DD8142D6CB3} = {B0106A39-24B2-4349-90F8-51EEA5B3C915}
		{9FC31AEC-9C9B-4BB3-B305-5324226031C8} = {36E07570-E757-442D-BDAF-921860EA447E}
		{2263E99D-F7EF-4BAC-9B53-05C78D9749B0} = {36E07570-E757-442D-BDAF-921860EA447E}
		{B9827B0E-34B2-46A9-A047-7D6A6EC88191} = {B0106A39-24B2-4349-90F8-51EEA5B3C915}
		{3A39FC34-36F0-4596-B87B-B273C4D774E7} = {36E07570-E757-442D-BDAF-921860EA447E}
		{EC84540B-4BFE-49E4-9118-384D4C98849D} = {36E07570-E757-442D-BDAF-921860EA447E}
	EndGlobalSection
EndGlobal
